// !$*UTF8*$!
{
	archiveVersion = 1;
	classes = {
	};
	objectVersion = 46;
	objects = {

/* Begin PBXBuildFile section */
		0D9EE1FE197899E200AECFE1 /* Foundation.framework in Frameworks */ = {isa = PBXBuildFile; fileRef = 0D9EE1FD197899E200AECFE1 /* Foundation.framework */; };
		0D9EE200197899E200AECFE1 /* CoreGraphics.framework in Frameworks */ = {isa = PBXBuildFile; fileRef = 0D9EE1FF197899E200AECFE1 /* CoreGraphics.framework */; };
		0D9EE202197899E200AECFE1 /* UIKit.framework in Frameworks */ = {isa = PBXBuildFile; fileRef = 0D9EE201197899E200AECFE1 /* UIKit.framework */; };
		0D9EE208197899E200AECFE1 /* InfoPlist.strings in Resources */ = {isa = PBXBuildFile; fileRef = 0D9EE206197899E200AECFE1 /* InfoPlist.strings */; };
		0D9EE20A197899E200AECFE1 /* main.m in Sources */ = {isa = PBXBuildFile; fileRef = 0D9EE209197899E200AECFE1 /* main.m */; };
		0D9EE20E197899E200AECFE1 /* AppDelegate.m in Sources */ = {isa = PBXBuildFile; fileRef = 0D9EE20D197899E200AECFE1 /* AppDelegate.m */; };
		0D9EE210197899E200AECFE1 /* Images.xcassets in Resources */ = {isa = PBXBuildFile; fileRef = 0D9EE20F197899E200AECFE1 /* Images.xcassets */; };
		0D9EE217197899E300AECFE1 /* XCTest.framework in Frameworks */ = {isa = PBXBuildFile; fileRef = 0D9EE216197899E300AECFE1 /* XCTest.framework */; };
		0D9EE218197899E300AECFE1 /* Foundation.framework in Frameworks */ = {isa = PBXBuildFile; fileRef = 0D9EE1FD197899E200AECFE1 /* Foundation.framework */; };
		0D9EE219197899E300AECFE1 /* UIKit.framework in Frameworks */ = {isa = PBXBuildFile; fileRef = 0D9EE201197899E200AECFE1 /* UIKit.framework */; };
		0D9EE221197899E300AECFE1 /* InfoPlist.strings in Resources */ = {isa = PBXBuildFile; fileRef = 0D9EE21F197899E300AECFE1 /* InfoPlist.strings */; };
		0D9EE223197899E300AECFE1 /* Where2EatTests.m in Sources */ = {isa = PBXBuildFile; fileRef = 0D9EE222197899E300AECFE1 /* Where2EatTests.m */; };
		0D9EE22E19789BD400AECFE1 /* CommonViewController.m in Sources */ = {isa = PBXBuildFile; fileRef = 0D9EE22D19789BD400AECFE1 /* CommonViewController.m */; };
		0D9EE23119789CCA00AECFE1 /* MasterViewController.m in Sources */ = {isa = PBXBuildFile; fileRef = 0D9EE23019789CCA00AECFE1 /* MasterViewController.m */; };
		0D9EE23319789D7900AECFE1 /* CoreLocation.framework in Frameworks */ = {isa = PBXBuildFile; fileRef = 0D9EE23219789D7900AECFE1 /* CoreLocation.framework */; };
		0D9EE23619789DF200AECFE1 /* LocationManager.m in Sources */ = {isa = PBXBuildFile; fileRef = 0D9EE23519789DF200AECFE1 /* LocationManager.m */; };
/* End PBXBuildFile section */

/* Begin PBXContainerItemProxy section */
		0D9EE21A197899E300AECFE1 /* PBXContainerItemProxy */ = {
			isa = PBXContainerItemProxy;
			containerPortal = 0D9EE1F2197899E200AECFE1 /* Project object */;
			proxyType = 1;
			remoteGlobalIDString = 0D9EE1F9197899E200AECFE1;
			remoteInfo = Where2Eat;
		};
/* End PBXContainerItemProxy section */

/* Begin PBXFileReference section */
		0D9EE1FA197899E200AECFE1 /* Where2Eat.app */ = {isa = PBXFileReference; explicitFileType = wrapper.application; includeInIndex = 0; path = Where2Eat.app; sourceTree = BUILT_PRODUCTS_DIR; };
		0D9EE1FD197899E200AECFE1 /* Foundation.framework */ = {isa = PBXFileReference; lastKnownFileType = wrapper.framework; name = Foundation.framework; path = System/Library/Frameworks/Foundation.framework; sourceTree = SDKROOT; };
		0D9EE1FF197899E200AECFE1 /* CoreGraphics.framework */ = {isa = PBXFileReference; lastKnownFileType = wrapper.framework; name = CoreGraphics.framework; path = System/Library/Frameworks/CoreGraphics.framework; sourceTree = SDKROOT; };
		0D9EE201197899E200AECFE1 /* UIKit.framework */ = {isa = PBXFileReference; lastKnownFileType = wrapper.framework; name = UIKit.framework; path = System/Library/Frameworks/UIKit.framework; sourceTree = SDKROOT; };
		0D9EE205197899E200AECFE1 /* Where2Eat-Info.plist */ = {isa = PBXFileReference; lastKnownFileType = text.plist.xml; path = "Where2Eat-Info.plist"; sourceTree = "<group>"; };
		0D9EE207197899E200AECFE1 /* en */ = {isa = PBXFileReference; lastKnownFileType = text.plist.strings; name = en; path = en.lproj/InfoPlist.strings; sourceTree = "<group>"; };
		0D9EE209197899E200AECFE1 /* main.m */ = {isa = PBXFileReference; lastKnownFileType = sourcecode.c.objc; path = main.m; sourceTree = "<group>"; };
		0D9EE20B197899E200AECFE1 /* Where2Eat-Prefix.pch */ = {isa = PBXFileReference; lastKnownFileType = sourcecode.c.h; path = "Where2Eat-Prefix.pch"; sourceTree = "<group>"; };
		0D9EE20C197899E200AECFE1 /* AppDelegate.h */ = {isa = PBXFileReference; lastKnownFileType = sourcecode.c.h; path = AppDelegate.h; sourceTree = "<group>"; };
		0D9EE20D197899E200AECFE1 /* AppDelegate.m */ = {isa = PBXFileReference; lastKnownFileType = sourcecode.c.objc; path = AppDelegate.m; sourceTree = "<group>"; };
		0D9EE20F197899E200AECFE1 /* Images.xcassets */ = {isa = PBXFileReference; lastKnownFileType = folder.assetcatalog; path = Images.xcassets; sourceTree = "<group>"; };
		0D9EE215197899E300AECFE1 /* Where2EatTests.xctest */ = {isa = PBXFileReference; explicitFileType = wrapper.cfbundle; includeInIndex = 0; path = Where2EatTests.xctest; sourceTree = BUILT_PRODUCTS_DIR; };
		0D9EE216197899E300AECFE1 /* XCTest.framework */ = {isa = PBXFileReference; lastKnownFileType = wrapper.framework; name = XCTest.framework; path = Library/Frameworks/XCTest.framework; sourceTree = DEVELOPER_DIR; };
		0D9EE21E197899E300AECFE1 /* Where2EatTests-Info.plist */ = {isa = PBXFileReference; lastKnownFileType = text.plist.xml; path = "Where2EatTests-Info.plist"; sourceTree = "<group>"; };
		0D9EE220197899E300AECFE1 /* en */ = {isa = PBXFileReference; lastKnownFileType = text.plist.strings; name = en; path = en.lproj/InfoPlist.strings; sourceTree = "<group>"; };
		0D9EE222197899E300AECFE1 /* Where2EatTests.m */ = {isa = PBXFileReference; lastKnownFileType = sourcecode.c.objc; path = Where2EatTests.m; sourceTree = "<group>"; };
		0D9EE22C19789BD400AECFE1 /* CommonViewController.h */ = {isa = PBXFileReference; fileEncoding = 4; lastKnownFileType = sourcecode.c.h; path = CommonViewController.h; sourceTree = "<group>"; };
		0D9EE22D19789BD400AECFE1 /* CommonViewController.m */ = {isa = PBXFileReference; fileEncoding = 4; lastKnownFileType = sourcecode.c.objc; path = CommonViewController.m; sourceTree = "<group>"; };
		0D9EE22F19789CCA00AECFE1 /* MasterViewController.h */ = {isa = PBXFileReference; fileEncoding = 4; lastKnownFileType = sourcecode.c.h; path = MasterViewController.h; sourceTree = "<group>"; };
		0D9EE23019789CCA00AECFE1 /* MasterViewController.m */ = {isa = PBXFileReference; fileEncoding = 4; lastKnownFileType = sourcecode.c.objc; path = MasterViewController.m; sourceTree = "<group>"; };
		0D9EE23219789D7900AECFE1 /* CoreLocation.framework */ = {isa = PBXFileReference; lastKnownFileType = wrapper.framework; name = CoreLocation.framework; path = System/Library/Frameworks/CoreLocation.framework; sourceTree = SDKROOT; };
		0D9EE23419789DF200AECFE1 /* LocationManager.h */ = {isa = PBXFileReference; fileEncoding = 4; lastKnownFileType = sourcecode.c.h; path = LocationManager.h; sourceTree = "<group>"; };
		0D9EE23519789DF200AECFE1 /* LocationManager.m */ = {isa = PBXFileReference; fileEncoding = 4; lastKnownFileType = sourcecode.c.objc; path = LocationManager.m; sourceTree = "<group>"; };
/* End PBXFileReference section */

/* Begin PBXFrameworksBuildPhase section */
		0D9EE1F7197899E200AECFE1 /* Frameworks */ = {
			isa = PBXFrameworksBuildPhase;
			buildActionMask = 2147483647;
			files = (
				0D9EE23319789D7900AECFE1 /* CoreLocation.framework in Frameworks */,
				0D9EE200197899E200AECFE1 /* CoreGraphics.framework in Frameworks */,
				0D9EE202197899E200AECFE1 /* UIKit.framework in Frameworks */,
				0D9EE1FE197899E200AECFE1 /* Foundation.framework in Frameworks */,
			);
			runOnlyForDeploymentPostprocessing = 0;
		};
		0D9EE212197899E300AECFE1 /* Frameworks */ = {
			isa = PBXFrameworksBuildPhase;
			buildActionMask = 2147483647;
			files = (
				0D9EE217197899E300AECFE1 /* XCTest.framework in Frameworks */,
				0D9EE219197899E300AECFE1 /* UIKit.framework in Frameworks */,
				0D9EE218197899E300AECFE1 /* Foundation.framework in Frameworks */,
			);
			runOnlyForDeploymentPostprocessing = 0;
		};
/* End PBXFrameworksBuildPhase section */

/* Begin PBXGroup section */
		0D9EE1F1197899E200AECFE1 = {
			isa = PBXGroup;
			children = (
				0D9EE203197899E200AECFE1 /* Where2Eat */,
				0D9EE21C197899E300AECFE1 /* Where2EatTests */,
				0D9EE1FC197899E200AECFE1 /* Frameworks */,
				0D9EE1FB197899E200AECFE1 /* Products */,
			);
			sourceTree = "<group>";
		};
		0D9EE1FB197899E200AECFE1 /* Products */ = {
			isa = PBXGroup;
			children = (
				0D9EE1FA197899E200AECFE1 /* Where2Eat.app */,
				0D9EE215197899E300AECFE1 /* Where2EatTests.xctest */,
			);
			name = Products;
			sourceTree = "<group>";
		};
		0D9EE1FC197899E200AECFE1 /* Frameworks */ = {
			isa = PBXGroup;
			children = (
				0D9EE23219789D7900AECFE1 /* CoreLocation.framework */,
				0D9EE1FD197899E200AECFE1 /* Foundation.framework */,
				0D9EE1FF197899E200AECFE1 /* CoreGraphics.framework */,
				0D9EE201197899E200AECFE1 /* UIKit.framework */,
				0D9EE216197899E300AECFE1 /* XCTest.framework */,
			);
			name = Frameworks;
			sourceTree = "<group>";
		};
		0D9EE203197899E200AECFE1 /* Where2Eat */ = {
			isa = PBXGroup;
			children = (
				0D9EE20C197899E200AECFE1 /* AppDelegate.h */,
				0D9EE20D197899E200AECFE1 /* AppDelegate.m */,
				0D9EE22F19789CCA00AECFE1 /* MasterViewController.h */,
				0D9EE23019789CCA00AECFE1 /* MasterViewController.m */,
				0D9EE23419789DF200AECFE1 /* LocationManager.h */,
				0D9EE23519789DF200AECFE1 /* LocationManager.m */,
				0D9EE22C19789BD400AECFE1 /* CommonViewController.h */,
				0D9EE22D19789BD400AECFE1 /* CommonViewController.m */,
				0D9EE20F197899E200AECFE1 /* Images.xcassets */,
				0D9EE204197899E200AECFE1 /* Supporting Files */,
			);
			path = Where2Eat;
			sourceTree = "<group>";
		};
		0D9EE204197899E200AECFE1 /* Supporting Files */ = {
			isa = PBXGroup;
			children = (
				0D9EE205197899E200AECFE1 /* Where2Eat-Info.plist */,
				0D9EE206197899E200AECFE1 /* InfoPlist.strings */,
				0D9EE209197899E200AECFE1 /* main.m */,
				0D9EE20B197899E200AECFE1 /* Where2Eat-Prefix.pch */,
			);
			name = "Supporting Files";
			sourceTree = "<group>";
		};
		0D9EE21C197899E300AECFE1 /* Where2EatTests */ = {
			isa = PBXGroup;
			children = (
				0D9EE222197899E300AECFE1 /* Where2EatTests.m */,
				0D9EE21D197899E300AECFE1 /* Supporting Files */,
			);
			path = Where2EatTests;
			sourceTree = "<group>";
		};
		0D9EE21D197899E300AECFE1 /* Supporting Files */ = {
			isa = PBXGroup;
			children = (
				0D9EE21E197899E300AECFE1 /* Where2EatTests-Info.plist */,
				0D9EE21F197899E300AECFE1 /* InfoPlist.strings */,
			);
			name = "Supporting Files";
			sourceTree = "<group>";
		};
/* End PBXGroup section */

/* Begin PBXNativeTarget section */
		0D9EE1F9197899E200AECFE1 /* Where2Eat */ = {
			isa = PBXNativeTarget;
			buildConfigurationList = 0D9EE226197899E300AECFE1 /* Build configuration list for PBXNativeTarget "Where2Eat" */;
			buildPhases = (
				0D9EE1F6197899E200AECFE1 /* Sources */,
				0D9EE1F7197899E200AECFE1 /* Frameworks */,
				0D9EE1F8197899E200AECFE1 /* Resources */,
			);
			buildRules = (
			);
			dependencies = (
			);
			name = Where2Eat;
			productName = Where2Eat;
			productReference = 0D9EE1FA197899E200AECFE1 /* Where2Eat.app */;
			productType = "com.apple.product-type.application";
		};
		0D9EE214197899E300AECFE1 /* Where2EatTests */ = {
			isa = PBXNativeTarget;
			buildConfigurationList = 0D9EE229197899E300AECFE1 /* Build configuration list for PBXNativeTarget "Where2EatTests" */;
			buildPhases = (
				0D9EE211197899E300AECFE1 /* Sources */,
				0D9EE212197899E300AECFE1 /* Frameworks */,
				0D9EE213197899E300AECFE1 /* Resources */,
			);
			buildRules = (
			);
			dependencies = (
				0D9EE21B197899E300AECFE1 /* PBXTargetDependency */,
			);
			name = Where2EatTests;
			productName = Where2EatTests;
			productReference = 0D9EE215197899E300AECFE1 /* Where2EatTests.xctest */;
			productType = "com.apple.product-type.bundle.unit-test";
		};
/* End PBXNativeTarget section */

/* Begin PBXProject section */
		0D9EE1F2197899E200AECFE1 /* Project object */ = {
			isa = PBXProject;
			attributes = {
				LastUpgradeCheck = 0510;
				TargetAttributes = {
					0D9EE214197899E300AECFE1 = {
						TestTargetID = 0D9EE1F9197899E200AECFE1;
					};
				};
			};
			buildConfigurationList = 0D9EE1F5197899E200AECFE1 /* Build configuration list for PBXProject "Where2Eat" */;
			compatibilityVersion = "Xcode 3.2";
			developmentRegion = English;
			hasScannedForEncodings = 0;
			knownRegions = (
				en,
			);
			mainGroup = 0D9EE1F1197899E200AECFE1;
			productRefGroup = 0D9EE1FB197899E200AECFE1 /* Products */;
			projectDirPath = "";
			projectRoot = "";
			targets = (
				0D9EE1F9197899E200AECFE1 /* Where2Eat */,
				0D9EE214197899E300AECFE1 /* Where2EatTests */,
			);
		};
/* End PBXProject section */

/* Begin PBXResourcesBuildPhase section */
		0D9EE1F8197899E200AECFE1 /* Resources */ = {
			isa = PBXResourcesBuildPhase;
			buildActionMask = 2147483647;
			files = (
				0D9EE208197899E200AECFE1 /* InfoPlist.strings in Resources */,
				0D9EE210197899E200AECFE1 /* Images.xcassets in Resources */,
			);
			runOnlyForDeploymentPostprocessing = 0;
		};
		0D9EE213197899E300AECFE1 /* Resources */ = {
			isa = PBXResourcesBuildPhase;
			buildActionMask = 2147483647;
			files = (
				0D9EE221197899E300AECFE1 /* InfoPlist.strings in Resources */,
			);
			runOnlyForDeploymentPostprocessing = 0;
		};
/* End PBXResourcesBuildPhase section */

/* Begin PBXSourcesBuildPhase section */
		0D9EE1F6197899E200AECFE1 /* Sources */ = {
			isa = PBXSourcesBuildPhase;
			buildActionMask = 2147483647;
			files = (
				0D9EE23119789CCA00AECFE1 /* MasterViewController.m in Sources */,
				0D9EE23619789DF200AECFE1 /* LocationManager.m in Sources */,
				0D9EE20E197899E200AECFE1 /* AppDelegate.m in Sources */,
				0D9EE20A197899E200AECFE1 /* main.m in Sources */,
				0D9EE22E19789BD400AECFE1 /* CommonViewController.m in Sources */,
			);
			runOnlyForDeploymentPostprocessing = 0;
		};
		0D9EE211197899E300AECFE1 /* Sources */ = {
			isa = PBXSourcesBuildPhase;
			buildActionMask = 2147483647;
			files = (
				0D9EE223197899E300AECFE1 /* Where2EatTests.m in Sources */,
			);
			runOnlyForDeploymentPostprocessing = 0;
		};
/* End PBXSourcesBuildPhase section */

/* Begin PBXTargetDependency section */
		0D9EE21B197899E300AECFE1 /* PBXTargetDependency */ = {
			isa = PBXTargetDependency;
			target = 0D9EE1F9197899E200AECFE1 /* Where2Eat */;
			targetProxy = 0D9EE21A197899E300AECFE1 /* PBXContainerItemProxy */;
		};
/* End PBXTargetDependency section */

/* Begin PBXVariantGroup section */
		0D9EE206197899E200AECFE1 /* InfoPlist.strings */ = {
			isa = PBXVariantGroup;
			children = (
				0D9EE207197899E200AECFE1 /* en */,
			);
			name = InfoPlist.strings;
			sourceTree = "<group>";
		};
		0D9EE21F197899E300AECFE1 /* InfoPlist.strings */ = {
			isa = PBXVariantGroup;
			children = (
				0D9EE220197899E300AECFE1 /* en */,
			);
			name = InfoPlist.strings;
			sourceTree = "<group>";
		};
/* End PBXVariantGroup section */

/* Begin XCBuildConfiguration section */
		0D9EE224197899E300AECFE1 /* Debug */ = {
			isa = XCBuildConfiguration;
			buildSettings = {
				ALWAYS_SEARCH_USER_PATHS = NO;
				CLANG_CXX_LANGUAGE_STANDARD = "gnu++0x";
				CLANG_CXX_LIBRARY = "libc++";
				CLANG_ENABLE_MODULES = YES;
				CLANG_ENABLE_OBJC_ARC = YES;
				CLANG_WARN_BOOL_CONVERSION = YES;
				CLANG_WARN_CONSTANT_CONVERSION = YES;
				CLANG_WARN_DIRECT_OBJC_ISA_USAGE = YES_ERROR;
				CLANG_WARN_EMPTY_BODY = YES;
				CLANG_WARN_ENUM_CONVERSION = YES;
				CLANG_WARN_INT_CONVERSION = YES;
				CLANG_WARN_OBJC_ROOT_CLASS = YES_ERROR;
				CLANG_WARN__DUPLICATE_METHOD_MATCH = YES;
				"CODE_SIGN_IDENTITY[sdk=iphoneos*]" = "iPhone Developer";
				COPY_PHASE_STRIP = NO;
				GCC_C_LANGUAGE_STANDARD = gnu99;
				GCC_DYNAMIC_NO_PIC = NO;
				GCC_OPTIMIZATION_LEVEL = 0;
				GCC_PREPROCESSOR_DEFINITIONS = (
					"DEBUG=1",
					"$(inherited)",
				);
				GCC_SYMBOLS_PRIVATE_EXTERN = NO;
				GCC_WARN_64_TO_32_BIT_CONVERSION = YES;
				GCC_WARN_ABOUT_RETURN_TYPE = YES_ERROR;
				GCC_WARN_UNDECLARED_SELECTOR = YES;
				GCC_WARN_UNINITIALIZED_AUTOS = YES_AGGRESSIVE;
				GCC_WARN_UNUSED_FUNCTION = YES;
				GCC_WARN_UNUSED_VARIABLE = YES;
				IPHONEOS_DEPLOYMENT_TARGET = 7.1;
				ONLY_ACTIVE_ARCH = YES;
				SDKROOT = iphoneos;
			};
			name = Debug;
		};
		0D9EE225197899E300AECFE1 /* Release */ = {
			isa = XCBuildConfiguration;
			buildSettings = {
				ALWAYS_SEARCH_USER_PATHS = NO;
				CLANG_CXX_LANGUAGE_STANDARD = "gnu++0x";
				CLANG_CXX_LIBRARY = "libc++";
				CLANG_ENABLE_MODULES = YES;
				CLANG_ENABLE_OBJC_ARC = YES;
				CLANG_WARN_BOOL_CONVERSION = YES;
				CLANG_WARN_CONSTANT_CONVERSION = YES;
				CLANG_WARN_DIRECT_OBJC_ISA_USAGE = YES_ERROR;
				CLANG_WARN_EMPTY_BODY = YES;
				CLANG_WARN_ENUM_CONVERSION = YES;
				CLANG_WARN_INT_CONVERSION = YES;
				CLANG_WARN_OBJC_ROOT_CLASS = YES_ERROR;
				CLANG_WARN__DUPLICATE_METHOD_MATCH = YES;
				"CODE_SIGN_IDENTITY[sdk=iphoneos*]" = "iPhone Developer";
				COPY_PHASE_STRIP = YES;
				ENABLE_NS_ASSERTIONS = NO;
				GCC_C_LANGUAGE_STANDARD = gnu99;
				GCC_WARN_64_TO_32_BIT_CONVERSION = YES;
				GCC_WARN_ABOUT_RETURN_TYPE = YES_ERROR;
				GCC_WARN_UNDECLARED_SELECTOR = YES;
				GCC_WARN_UNINITIALIZED_AUTOS = YES_AGGRESSIVE;
				GCC_WARN_UNUSED_FUNCTION = YES;
				GCC_WARN_UNUSED_VARIABLE = YES;
				IPHONEOS_DEPLOYMENT_TARGET = 7.1;
				SDKROOT = iphoneos;
				VALIDATE_PRODUCT = YES;
			};
			name = Release;
		};
		0D9EE227197899E300AECFE1 /* Debug */ = {
			isa = XCBuildConfiguration;
			buildSettings = {
				ASSETCATALOG_COMPILER_APPICON_NAME = AppIcon;
				ASSETCATALOG_COMPILER_LAUNCHIMAGE_NAME = LaunchImage;
				GCC_PRECOMPILE_PREFIX_HEADER = YES;
				GCC_PREFIX_HEADER = "Where2Eat/Where2Eat-Prefix.pch";
				INFOPLIST_FILE = "Where2Eat/Where2Eat-Info.plist";
				PRODUCT_NAME = "$(TARGET_NAME)";
				WRAPPER_EXTENSION = app;
			};
			name = Debug;
		};
		0D9EE228197899E300AECFE1 /* Release */ = {
			isa = XCBuildConfiguration;
			buildSettings = {
				ASSETCATALOG_COMPILER_APPICON_NAME = AppIcon;
				ASSETCATALOG_COMPILER_LAUNCHIMAGE_NAME = LaunchImage;
				GCC_PRECOMPILE_PREFIX_HEADER = YES;
				GCC_PREFIX_HEADER = "Where2Eat/Where2Eat-Prefix.pch";
				INFOPLIST_FILE = "Where2Eat/Where2Eat-Info.plist";
				PRODUCT_NAME = "$(TARGET_NAME)";
				WRAPPER_EXTENSION = app;
			};
			name = Release;
		};
		0D9EE22A197899E300AECFE1 /* Debug */ = {
			isa = XCBuildConfiguration;
			buildSettings = {
				BUNDLE_LOADER = "$(BUILT_PRODUCTS_DIR)/Where2Eat.app/Where2Eat";
				FRAMEWORK_SEARCH_PATHS = (
					"$(SDKROOT)/Developer/Library/Frameworks",
					"$(inherited)",
					"$(DEVELOPER_FRAMEWORKS_DIR)",
				);
				GCC_PRECOMPILE_PREFIX_HEADER = YES;
				GCC_PREFIX_HEADER = "Where2Eat/Where2Eat-Prefix.pch";
				GCC_PREPROCESSOR_DEFINITIONS = (
					"DEBUG=1",
					"$(inherited)",
				);
				INFOPLIST_FILE = "Where2EatTests/Where2EatTests-Info.plist";
				PRODUCT_NAME = "$(TARGET_NAME)";
				TEST_HOST = "$(BUNDLE_LOADER)";
				WRAPPER_EXTENSION = xctest;
			};
			name = Debug;
		};
		0D9EE22B197899E300AECFE1 /* Release */ = {
			isa = XCBuildConfiguration;
			buildSettings = {
				BUNDLE_LOADER = "$(BUILT_PRODUCTS_DIR)/Where2Eat.app/Where2Eat";
				FRAMEWORK_SEARCH_PATHS = (
					"$(SDKROOT)/Developer/Library/Frameworks",
					"$(inherited)",
					"$(DEVELOPER_FRAMEWORKS_DIR)",
				);
				GCC_PRECOMPILE_PREFIX_HEADER = YES;
				GCC_PREFIX_HEADER = "Where2Eat/Where2Eat-Prefix.pch";
				INFOPLIST_FILE = "Where2EatTests/Where2EatTests-Info.plist";
				PRODUCT_NAME = "$(TARGET_NAME)";
				TEST_HOST = "$(BUNDLE_LOADER)";
				WRAPPER_EXTENSION = xctest;
			};
			name = Release;
		};
/* End XCBuildConfiguration section */

/* Begin XCConfigurationList section */
		0D9EE1F5197899E200AECFE1 /* Build configuration list for PBXProject "Where2Eat" */ = {
			isa = XCConfigurationList;
			buildConfigurations = (
				0D9EE224197899E300AECFE1 /* Debug */,
				0D9EE225197899E300AECFE1 /* Release */,
			);
			defaultConfigurationIsVisible = 0;
			defaultConfigurationName = Release;
		};
		0D9EE226197899E300AECFE1 /* Build configuration list for PBXNativeTarget "Where2Eat" */ = {
			isa = XCConfigurationList;
			buildConfigurations = (
				0D9EE227197899E300AECFE1 /* Debug */,
				0D9EE228197899E300AECFE1 /* Release */,
			);
			defaultConfigurationIsVisible = 0;
			defaultConfigurationName = Release;
		};
		0D9EE229197899E300AECFE1 /* Build configuration list for PBXNativeTarget "Where2EatTests" */ = {
			isa = XCConfigurationList;
			buildConfigurations = (
				0D9EE22A197899E300AECFE1 /* Debug */,
				0D9EE22B197899E300AECFE1 /* Release */,
			);
			defaultConfigurationIsVisible = 0;
			defaultConfigurationName = Release;
		};
/* End XCConfigurationList section */
	};
	rootObject = 0D9EE1F2197899E200AECFE1 /* Project object */;
}
